
Microsoft Visual Studio Solution File, Format Version 12.00
# Visual Studio Version 17
VisualStudioVersion = 17.0.31903.59
MinimumVisualStudioVersion = 10.0.40219.1
Project("{FAE04EC0-301F-11D3-BF4B-00C04F79EFBC}") = "Sam.CSharp.Ezra.Todo.Server", "Sam.CSharp.Ezra.Todo.Server\Sam.CSharp.Ezra.Todo.Server.csproj", "{50783A2A-750D-4003-9225-3165E4AD0CF5}"
EndProject
Project("{FAE04EC0-301F-11D3-BF4B-00C04F79EFBC}") = "Sam.CSharp.Ezra.Todo.Server.Tests", "Sam.CSharp.Ezra.Todo.Server.Tests\Sam.CSharp.Ezra.Todo.Server.Tests.csproj", "{A0CA7575-0A4B-4314-BBF7-CDF296DE9CE6}"
EndProject
Global
	GlobalSection(SolutionConfigurationPlatforms) = preSolution
		Debug|Any CPU = Debug|Any CPU
		Release|Any CPU = Release|Any CPU
	EndGlobalSection
	GlobalSection(SolutionProperties) = preSolution
		HideSolutionNode = FALSE
	EndGlobalSection
	GlobalSection(ProjectConfigurationPlatforms) = postSolution
		{50783A2A-750D-4003-9225-3165E4AD0CF5}.Debug|Any CPU.ActiveCfg = Debug|Any CPU
		{50783A2A-750D-4003-9225-3165E4AD0CF5}.Debug|Any CPU.Build.0 = Debug|Any CPU
		{50783A2A-750D-4003-9225-3165E4AD0CF5}.Release|Any CPU.ActiveCfg = Release|Any CPU
		{50783A2A-750D-4003-9225-3165E4AD0CF5}.Release|Any CPU.Build.0 = Release|Any CPU
		{A0CA7575-0A4B-4314-BBF7-CDF296DE9CE6}.Debug|Any CPU.ActiveCfg = Debug|Any CPU
		{A0CA7575-0A4B-4314-BBF7-CDF296DE9CE6}.Debug|Any CPU.Build.0 = Debug|Any CPU
		{A0CA7575-0A4B-4314-BBF7-CDF296DE9CE6}.Release|Any CPU.ActiveCfg = Release|Any CPU
		{A0CA7575-0A4B-4314-BBF7-CDF296DE9CE6}.Release|Any CPU.Build.0 = Release|Any CPU
	EndGlobalSection
EndGlobal
